
Microsoft Visual Studio Solution File, Format Version 12.00
# Visual Studio Version 17
VisualStudioVersion = 17.3.32929.385
MinimumVisualStudioVersion = 10.0.40219.1
Project("{FAE04EC0-301F-11D3-BF4B-00C04F79EFBC}") = "Quiz", "Quiz\Quiz.csproj", "{63177943-90E3-49B7-89D4-9483C67FCBDA}"
EndProject
Global
	GlobalSection(SolutionConfigurationPlatforms) = preSolution
		Debug|Any CPU = Debug|Any CPU
		Release|Any CPU = Release|Any CPU
	EndGlobalSection
	GlobalSection(ProjectConfigurationPlatforms) = postSolution
		{63177943-90E3-49B7-89D4-9483C67FCBDA}.Debug|Any CPU.ActiveCfg = Debug|Any CPU
		{63177943-90E3-49B7-89D4-9483C67FCBDA}.Debug|Any CPU.Build.0 = Debug|Any CPU
		{63177943-90E3-49B7-89D4-9483C67FCBDA}.Release|Any CPU.ActiveCfg = Release|Any CPU
		{63177943-90E3-49B7-89D4-9483C67FCBDA}.Release|Any CPU.Build.0 = Release|Any CPU
	EndGlobalSection
	GlobalSection(SolutionProperties) = preSolution
		HideSolutionNode = FALSE
	EndGlobalSection
	GlobalSection(ExtensibilityGlobals) = postSolution
		SolutionGuid = {86B3BE41-F7EE-4F9F-9E61-0BA992298F77}
	EndGlobalSection
EndGlobal
